
Microsoft Visual Studio Solution File, Format Version 12.00
# Visual Studio Version 17
VisualStudioVersion = 17.2.32630.192
MinimumVisualStudioVersion = 10.0.40219.1
Project("{FAE04EC0-301F-11D3-BF4B-00C04F79EFBC}") = "nagyhf1", "nagyhf1\nagyhf1.csproj", "{CCDF83DC-BC46-453B-8BAC-BDB9F6C9ACE3}"
EndProject
Global
	GlobalSection(SolutionConfigurationPlatforms) = preSolution
		Debug|Any CPU = Debug|Any CPU
		Release|Any CPU = Release|Any CPU
	EndGlobalSection
	GlobalSection(ProjectConfigurationPlatforms) = postSolution
		{CCDF83DC-BC46-453B-8BAC-BDB9F6C9ACE3}.Debug|Any CPU.ActiveCfg = Debug|Any CPU
		{CCDF83DC-BC46-453B-8BAC-BDB9F6C9ACE3}.Debug|Any CPU.Build.0 = Debug|Any CPU
		{CCDF83DC-BC46-453B-8BAC-BDB9F6C9ACE3}.Release|Any CPU.ActiveCfg = Release|Any CPU
		{CCDF83DC-BC46-453B-8BAC-BDB9F6C9ACE3}.Release|Any CPU.Build.0 = Release|Any CPU
	EndGlobalSection
	GlobalSection(SolutionProperties) = preSolution
		HideSolutionNode = FALSE
	EndGlobalSection
	GlobalSection(ExtensibilityGlobals) = postSolution
		SolutionGuid = {06B069A3-FB24-4594-AF42-FA7E40CA59EA}
	EndGlobalSection
EndGlobal
